
Microsoft Visual Studio Solution File, Format Version 11.00
# Visual Studio 2010
Project("{FAE04EC0-301F-11D3-BF4B-00C04F79EFBC}") = "ValheimRAFT", "src\ValheimRAFT\ValheimRAFT.csproj", "{6015B165-2627-40A7-8CA1-3E6B6CD7CB49}"
EndProject
Project("{9A19103F-16F7-4668-BE54-9A1E7A4F7556}") = "DamageControl", "src\DamageControl\DamageControl.csproj", "{05E33387-F302-4EB9-B002-7DF95DD37CE7}"
EndProject
Global
	GlobalSection(SolutionConfigurationPlatforms) = preSolution
		Debug|Any CPU = Debug|Any CPU
		Release|Any CPU = Release|Any CPU
		Release Run Valheim|Any CPU = Release Run Valheim|Any CPU
		Release Archive|Any CPU = Release Archive|Any CPU
		Debug Run Valheim|Any CPU = Debug Run Valheim|Any CPU
		Release Run Valheim Server|Any CPU = Release Run Valheim Server|Any CPU
		Debug Run Valheim Server|Any CPU = Debug Run Valheim Server|Any CPU
		Debug ClientServer|Any CPU = Debug ClientServer|Any CPU
	EndGlobalSection
	GlobalSection(ProjectConfigurationPlatforms) = postSolution
		{6015B165-2627-40A7-8CA1-3E6B6CD7CB49}.Debug|Any CPU.ActiveCfg = Debug|Any CPU
		{6015B165-2627-40A7-8CA1-3E6B6CD7CB49}.Debug ClientServer|Any CPU.ActiveCfg = Debug ClientServer|Any CPU
		{6015B165-2627-40A7-8CA1-3E6B6CD7CB49}.Debug Run Valheim|Any CPU.ActiveCfg = Debug ClientServer|Any CPU
		{6015B165-2627-40A7-8CA1-3E6B6CD7CB49}.Debug Run Valheim Server|Any CPU.ActiveCfg = Debug Run Valheim Server|Any CPU
		{6015B165-2627-40A7-8CA1-3E6B6CD7CB49}.Debug Run Valheim Server|Any CPU.Build.0 = Debug Run Valheim Server|Any CPU
		{6015B165-2627-40A7-8CA1-3E6B6CD7CB49}.Release Archive|Any CPU.ActiveCfg = Release Archive|Any CPU
		{6015B165-2627-40A7-8CA1-3E6B6CD7CB49}.Release|Any CPU.ActiveCfg = Release|Any CPU
		{6015B165-2627-40A7-8CA1-3E6B6CD7CB49}.Release|Any CPU.Build.0 = Release|Any CPU
		{6015B165-2627-40A7-8CA1-3E6B6CD7CB49}.Debug ClientServer|Any CPU.Build.0 = Debug ClientServer|Any CPU
		{6015B165-2627-40A7-8CA1-3E6B6CD7CB49}.Release Archive|Any CPU.Build.0 = Release Archive|Any CPU
		{2E19EFCD-E5BC-4A21-9501-229EB99133B1}.Debug|Any CPU.ActiveCfg = Debug|Any CPU
		{2E19EFCD-E5BC-4A21-9501-229EB99133B1}.Release|Any CPU.ActiveCfg = Release|Any CPU
		{2E19EFCD-E5BC-4A21-9501-229EB99133B1}.Release Run Valheim|Any CPU.ActiveCfg = Debug|Any CPU
		{2E19EFCD-E5BC-4A21-9501-229EB99133B1}.Release Run Valheim|Any CPU.Build.0 = Debug|Any CPU
		{2E19EFCD-E5BC-4A21-9501-229EB99133B1}.Release Archive|Any CPU.ActiveCfg = Debug|Any CPU
		{2E19EFCD-E5BC-4A21-9501-229EB99133B1}.Debug Run Valheim|Any CPU.ActiveCfg = Debug|Any CPU
		{2E19EFCD-E5BC-4A21-9501-229EB99133B1}.Release Run Valheim Server|Any CPU.ActiveCfg = Debug|Any CPU
		{2E19EFCD-E5BC-4A21-9501-229EB99133B1}.Release Run Valheim Server|Any CPU.Build.0 = Debug|Any CPU
		{2E19EFCD-E5BC-4A21-9501-229EB99133B1}.Debug Run Valheim Server|Any CPU.ActiveCfg = Debug|Any CPU
		{2E19EFCD-E5BC-4A21-9501-229EB99133B1}.Debug ClientServer|Any CPU.ActiveCfg = Debug|Any CPU
		{05E33387-F302-4EB9-B002-7DF95DD37CE7}.Debug Run Valheim|Any CPU.ActiveCfg = Debug|Any CPU
		{05E33387-F302-4EB9-B002-7DF95DD37CE7}.Debug Run Valheim|Any CPU.Build.0 = Debug|Any CPU
		{E9B48BE9-4D8E-44DB-961A-D7C279B2CA2B}.Debug ClientServer|Any CPU.ActiveCfg = Debug ClientServer|Any CPU
	EndGlobalSection
	GlobalSection(SolutionProperties) = preSolution
		HideSolutionNode = FALSE
	EndGlobalSection
EndGlobal
