
Microsoft Visual Studio Solution File, Format Version 11.00
# Visual Studio 2010
Project("{FAE04EC0-301F-11D3-BF4B-00C04F79EFBC}") = "ValheimRAFT", "src\ValheimRAFT\ValheimRAFT.csproj", "{6015B165-2627-40A7-8CA1-3E6B6CD7CB49}"
EndProject
Project("{FAE04EC0-301F-11D3-BF4B-00C04F79EFBC}") = "ValheimVehicles", "src\ValheimVehicles\ValheimVehicles.csproj", "{E9B48BE9-4D8E-44DB-961A-D7C279B2CA2B}"
EndProject
Project("{FAE04EC0-301F-11D3-BF4B-00C04F79EFBC}") = "SentryUnityWrapper", "src\SentryUnityWrapper\SentryUnityWrapper.csproj", "{64841F32-084A-437C-9A15-34D8354B3ED1}"
EndProject
Project("{FAE04EC0-301F-11D3-BF4B-00C04F79EFBC}") = "ModTesting", "src\ModTesting\ModTesting.csproj", "{675D2FE5-2041-4458-B4C0-B907447605D3}"
EndProject
Global
	GlobalSection(SolutionConfigurationPlatforms) = preSolution
		Debug|Any CPU = Debug|Any CPU
		Release|Any CPU = Release|Any CPU
		Release Run Valheim|Any CPU = Release Run Valheim|Any CPU
		Release Archive|Any CPU = Release Archive|Any CPU
		Debug Run Valheim|Any CPU = Debug Run Valheim|Any CPU
		Release Run Valheim Server|Any CPU = Release Run Valheim Server|Any CPU
		Debug Run Valheim Server|Any CPU = Debug Run Valheim Server|Any CPU
		Debug ClientServer|Any CPU = Debug ClientServer|Any CPU
		Test|Any CPU = Test|Any CPU
	EndGlobalSection
	GlobalSection(ProjectConfigurationPlatforms) = postSolution
		{6015B165-2627-40A7-8CA1-3E6B6CD7CB49}.Debug|Any CPU.ActiveCfg = Debug|Any CPU
		{6015B165-2627-40A7-8CA1-3E6B6CD7CB49}.Debug ClientServer|Any CPU.ActiveCfg = Debug ClientServer|Any CPU
		{6015B165-2627-40A7-8CA1-3E6B6CD7CB49}.Debug Run Valheim Server|Any CPU.ActiveCfg = Debug Run Valheim Server|Any CPU
		{6015B165-2627-40A7-8CA1-3E6B6CD7CB49}.Debug Run Valheim Server|Any CPU.Build.0 = Debug Run Valheim Server|Any CPU
		{6015B165-2627-40A7-8CA1-3E6B6CD7CB49}.Release Archive|Any CPU.ActiveCfg = Release Archive|Any CPU
		{6015B165-2627-40A7-8CA1-3E6B6CD7CB49}.Release|Any CPU.ActiveCfg = Release|Any CPU
		{6015B165-2627-40A7-8CA1-3E6B6CD7CB49}.Release|Any CPU.Build.0 = Release|Any CPU
		{6015B165-2627-40A7-8CA1-3E6B6CD7CB49}.Release Archive|Any CPU.Build.0 = Release Archive|Any CPU
		{6015B165-2627-40A7-8CA1-3E6B6CD7CB49}.Test|Any CPU.ActiveCfg = Test|Any CPU
		{6015B165-2627-40A7-8CA1-3E6B6CD7CB49}.Debug|Any CPU.Build.0 = Debug|Any CPU
		{6015B165-2627-40A7-8CA1-3E6B6CD7CB49}.Debug ClientServer|Any CPU.Build.0 = Debug ClientServer|Any CPU
		{6015B165-2627-40A7-8CA1-3E6B6CD7CB49}.Debug Run Valheim|Any CPU.ActiveCfg = Debug Run Valheim|Any CPU
		{6015B165-2627-40A7-8CA1-3E6B6CD7CB49}.Debug Run Valheim|Any CPU.Build.0 = Debug Run Valheim|Any CPU
		{6015B165-2627-40A7-8CA1-3E6B6CD7CB49}.Release Run Valheim|Any CPU.ActiveCfg = Release|Any CPU
		{6015B165-2627-40A7-8CA1-3E6B6CD7CB49}.Release Run Valheim|Any CPU.Build.0 = Release|Any CPU
		{E9B48BE9-4D8E-44DB-961A-D7C279B2CA2B}.Debug ClientServer|Any CPU.ActiveCfg = Debug ClientServer|Any CPU
		{E9B48BE9-4D8E-44DB-961A-D7C279B2CA2B}.Debug|Any CPU.ActiveCfg = Debug ClientServer|Any CPU
		{E9B48BE9-4D8E-44DB-961A-D7C279B2CA2B}.Release|Any CPU.ActiveCfg = Debug ClientServer|Any CPU
		{E9B48BE9-4D8E-44DB-961A-D7C279B2CA2B}.Release|Any CPU.Build.0 = Debug ClientServer|Any CPU
		{E9B48BE9-4D8E-44DB-961A-D7C279B2CA2B}.Release Run Valheim|Any CPU.ActiveCfg = Debug ClientServer|Any CPU
		{E9B48BE9-4D8E-44DB-961A-D7C279B2CA2B}.Release Archive|Any CPU.ActiveCfg = Debug ClientServer|Any CPU
		{E9B48BE9-4D8E-44DB-961A-D7C279B2CA2B}.Release Run Valheim Server|Any CPU.ActiveCfg = Debug ClientServer|Any CPU
		{E9B48BE9-4D8E-44DB-961A-D7C279B2CA2B}.Release Run Valheim Server|Any CPU.Build.0 = Debug ClientServer|Any CPU
		{E9B48BE9-4D8E-44DB-961A-D7C279B2CA2B}.Debug Run Valheim Server|Any CPU.ActiveCfg = Debug ClientServer|Any CPU
		{E9B48BE9-4D8E-44DB-961A-D7C279B2CA2B}.Test|Any CPU.ActiveCfg = Test|Any CPU
		{E9B48BE9-4D8E-44DB-961A-D7C279B2CA2B}.Debug Run Valheim|Any CPU.ActiveCfg = Debug|Any CPU
		{64841F32-084A-437C-9A15-34D8354B3ED1}.Test|Any CPU.ActiveCfg = Test|Any CPU
		{64841F32-084A-437C-9A15-34D8354B3ED1}.Debug ClientServer|Any CPU.ActiveCfg = Debug|Any CPU
		{64841F32-084A-437C-9A15-34D8354B3ED1}.Debug ClientServer|Any CPU.Build.0 = Debug|Any CPU
		{64841F32-084A-437C-9A15-34D8354B3ED1}.Debug Run Valheim|Any CPU.ActiveCfg = Debug|Any CPU
		{675D2FE5-2041-4458-B4C0-B907447605D3}.Debug|Any CPU.ActiveCfg = Debug|Any CPU
		{675D2FE5-2041-4458-B4C0-B907447605D3}.Release|Any CPU.ActiveCfg = Release|Any CPU
		{675D2FE5-2041-4458-B4C0-B907447605D3}.Release|Any CPU.Build.0 = Release|Any CPU
		{675D2FE5-2041-4458-B4C0-B907447605D3}.Release Run Valheim|Any CPU.ActiveCfg = Debug|Any CPU
		{675D2FE5-2041-4458-B4C0-B907447605D3}.Release Archive|Any CPU.ActiveCfg = Debug|Any CPU
		{675D2FE5-2041-4458-B4C0-B907447605D3}.Release Archive|Any CPU.Build.0 = Debug|Any CPU
		{675D2FE5-2041-4458-B4C0-B907447605D3}.Debug Run Valheim|Any CPU.ActiveCfg = Debug|Any CPU
		{675D2FE5-2041-4458-B4C0-B907447605D3}.Release Run Valheim Server|Any CPU.ActiveCfg = Debug|Any CPU
		{675D2FE5-2041-4458-B4C0-B907447605D3}.Release Run Valheim Server|Any CPU.Build.0 = Debug|Any CPU
		{675D2FE5-2041-4458-B4C0-B907447605D3}.Debug Run Valheim Server|Any CPU.ActiveCfg = Debug|Any CPU
		{675D2FE5-2041-4458-B4C0-B907447605D3}.Debug ClientServer|Any CPU.ActiveCfg = Debug|Any CPU
		{675D2FE5-2041-4458-B4C0-B907447605D3}.Test|Any CPU.ActiveCfg = Test|Any CPU
		{675D2FE5-2041-4458-B4C0-B907447605D3}.Test|Any CPU.Build.0 = Test|Any CPU
	EndGlobalSection
	GlobalSection(SolutionProperties) = preSolution
		HideSolutionNode = FALSE
	EndGlobalSection
EndGlobal
